// !$*UTF8*$!
{
	archiveVersion = 1;
	classes = {
	};
	objectVersion = 46;
	objects = {

/* Begin PBXBuildFile section */
		0DC629F71CEEE93200200A67 /* AppDelegate.swift in Sources */ = {isa = PBXBuildFile; fileRef = 0DC629F61CEEE93200200A67 /* AppDelegate.swift */; };
		0DC629F91CEEE93200200A67 /* ViewController.swift in Sources */ = {isa = PBXBuildFile; fileRef = 0DC629F81CEEE93200200A67 /* ViewController.swift */; };
		0DC629FC1CEEE93200200A67 /* Main.storyboard in Resources */ = {isa = PBXBuildFile; fileRef = 0DC629FA1CEEE93200200A67 /* Main.storyboard */; };
		0DC629FE1CEEE93200200A67 /* Assets.xcassets in Resources */ = {isa = PBXBuildFile; fileRef = 0DC629FD1CEEE93200200A67 /* Assets.xcassets */; };
		0DC62A011CEEE93200200A67 /* LaunchScreen.storyboard in Resources */ = {isa = PBXBuildFile; fileRef = 0DC629FF1CEEE93200200A67 /* LaunchScreen.storyboard */; };
		0DC62A091CEF663300200A67 /* LocationSearchTable.swift in Sources */ = {isa = PBXBuildFile; fileRef = 0DC62A081CEF663300200A67 /* LocationSearchTable.swift */; };
		0DC62A0B1CEF80AF00200A67 /* wokeboot.png in Resources */ = {isa = PBXBuildFile; fileRef = 0DC62A0A1CEF80AF00200A67 /* wokeboot.png */; };
/* End PBXBuildFile section */

/* Begin PBXFileReference section */
		0DC629F31CEEE93200200A67 /* Woke-iOS.app */ = {isa = PBXFileReference; explicitFileType = wrapper.application; includeInIndex = 0; path = "Woke-iOS.app"; sourceTree = BUILT_PRODUCTS_DIR; };
		0DC629F61CEEE93200200A67 /* AppDelegate.swift */ = {isa = PBXFileReference; lastKnownFileType = sourcecode.swift; path = AppDelegate.swift; sourceTree = "<group>"; };
		0DC629F81CEEE93200200A67 /* ViewController.swift */ = {isa = PBXFileReference; lastKnownFileType = sourcecode.swift; path = ViewController.swift; sourceTree = "<group>"; };
		0DC629FB1CEEE93200200A67 /* Base */ = {isa = PBXFileReference; lastKnownFileType = file.storyboard; name = Base; path = Base.lproj/Main.storyboard; sourceTree = "<group>"; };
		0DC629FD1CEEE93200200A67 /* Assets.xcassets */ = {isa = PBXFileReference; lastKnownFileType = folder.assetcatalog; path = Assets.xcassets; sourceTree = "<group>"; };
		0DC62A001CEEE93200200A67 /* Base */ = {isa = PBXFileReference; lastKnownFileType = file.storyboard; name = Base; path = Base.lproj/LaunchScreen.storyboard; sourceTree = "<group>"; };
		0DC62A021CEEE93200200A67 /* Info.plist */ = {isa = PBXFileReference; lastKnownFileType = text.plist.xml; path = Info.plist; sourceTree = "<group>"; };
		0DC62A081CEF663300200A67 /* LocationSearchTable.swift */ = {isa = PBXFileReference; fileEncoding = 4; lastKnownFileType = sourcecode.swift; path = LocationSearchTable.swift; sourceTree = "<group>"; };
		0DC62A0A1CEF80AF00200A67 /* wokeboot.png */ = {isa = PBXFileReference; lastKnownFileType = image.png; name = wokeboot.png; path = ../wokeboot.png; sourceTree = "<group>"; };
/* End PBXFileReference section */

/* Begin PBXFrameworksBuildPhase section */
		0DC629F01CEEE93200200A67 /* Frameworks */ = {
			isa = PBXFrameworksBuildPhase;
			buildActionMask = 2147483647;
			files = (
			);
			runOnlyForDeploymentPostprocessing = 0;
		};
/* End PBXFrameworksBuildPhase section */

/* Begin PBXGroup section */
		0DC629EA1CEEE93200200A67 = {
			isa = PBXGroup;
			children = (
				0DC629F51CEEE93200200A67 /* Woke-iOS */,
				0DC629F41CEEE93200200A67 /* Products */,
			);
			sourceTree = "<group>";
		};
		0DC629F41CEEE93200200A67 /* Products */ = {
			isa = PBXGroup;
			children = (
				0DC629F31CEEE93200200A67 /* Woke-iOS.app */,
			);
			name = Products;
			sourceTree = "<group>";
		};
		0DC629F51CEEE93200200A67 /* Woke-iOS */ = {
			isa = PBXGroup;
			children = (
				0DC629F61CEEE93200200A67 /* AppDelegate.swift */,
				0DC629F81CEEE93200200A67 /* ViewController.swift */,
				0DC62A081CEF663300200A67 /* LocationSearchTable.swift */,
				0DC629FA1CEEE93200200A67 /* Main.storyboard */,
				0DC629FD1CEEE93200200A67 /* Assets.xcassets */,
				0DC629FF1CEEE93200200A67 /* LaunchScreen.storyboard */,
				0DC62A021CEEE93200200A67 /* Info.plist */,
				0DC62A0A1CEF80AF00200A67 /* wokeboot.png */,
			);
			path = "Woke-iOS";
			sourceTree = "<group>";
		};
/* End PBXGroup section */

/* Begin PBXNativeTarget section */
		0DC629F21CEEE93200200A67 /* Woke-iOS */ = {
			isa = PBXNativeTarget;
			buildConfigurationList = 0DC62A051CEEE93200200A67 /* Build configuration list for PBXNativeTarget "Woke-iOS" */;
			buildPhases = (
				0DC629EF1CEEE93200200A67 /* Sources */,
				0DC629F01CEEE93200200A67 /* Frameworks */,
				0DC629F11CEEE93200200A67 /* Resources */,
			);
			buildRules = (
			);
			dependencies = (
			);
			name = "Woke-iOS";
			productName = "Woke-iOS";
			productReference = 0DC629F31CEEE93200200A67 /* Woke-iOS.app */;
			productType = "com.apple.product-type.application";
		};
/* End PBXNativeTarget section */

/* Begin PBXProject section */
		0DC629EB1CEEE93200200A67 /* Project object */ = {
			isa = PBXProject;
			attributes = {
				LastSwiftUpdateCheck = 0730;
				LastUpgradeCheck = 0730;
				ORGANIZATIONNAME = "David Gilman";
				TargetAttributes = {
					0DC629F21CEEE93200200A67 = {
						CreatedOnToolsVersion = 7.3.1;
					};
				};
			};
			buildConfigurationList = 0DC629EE1CEEE93200200A67 /* Build configuration list for PBXProject "Woke-iOS" */;
			compatibilityVersion = "Xcode 3.2";
			developmentRegion = English;
			hasScannedForEncodings = 0;
			knownRegions = (
				en,
				Base,
			);
			mainGroup = 0DC629EA1CEEE93200200A67;
			productRefGroup = 0DC629F41CEEE93200200A67 /* Products */;
			projectDirPath = "";
			projectRoot = "";
			targets = (
				0DC629F21CEEE93200200A67 /* Woke-iOS */,
			);
		};
/* End PBXProject section */

/* Begin PBXResourcesBuildPhase section */
		0DC629F11CEEE93200200A67 /* Resources */ = {
			isa = PBXResourcesBuildPhase;
			buildActionMask = 2147483647;
			files = (
				0DC62A011CEEE93200200A67 /* LaunchScreen.storyboard in Resources */,
				0DC62A0B1CEF80AF00200A67 /* wokeboot.png in Resources */,
				0DC629FE1CEEE93200200A67 /* Assets.xcassets in Resources */,
				0DC629FC1CEEE93200200A67 /* Main.storyboard in Resources */,
			);
			runOnlyForDeploymentPostprocessing = 0;
		};
/* End PBXResourcesBuildPhase section */

/* Begin PBXSourcesBuildPhase section */
		0DC629EF1CEEE93200200A67 /* Sources */ = {
			isa = PBXSourcesBuildPhase;
			buildActionMask = 2147483647;
			files = (
				0DC62A091CEF663300200A67 /* LocationSearchTable.swift in Sources */,
				0DC629F91CEEE93200200A67 /* ViewController.swift in Sources */,
				0DC629F71CEEE93200200A67 /* AppDelegate.swift in Sources */,
			);
			runOnlyForDeploymentPostprocessing = 0;
		};
/* End PBXSourcesBuildPhase section */

/* Begin PBXVariantGroup section */
		0DC629FA1CEEE93200200A67 /* Main.storyboard */ = {
			isa = PBXVariantGroup;
			children = (
				0DC629FB1CEEE93200200A67 /* Base */,
			);
			name = Main.storyboard;
			sourceTree = "<group>";
		};
		0DC629FF1CEEE93200200A67 /* LaunchScreen.storyboard */ = {
			isa = PBXVariantGroup;
			children = (
				0DC62A001CEEE93200200A67 /* Base */,
			);
			name = LaunchScreen.storyboard;
			sourceTree = "<group>";
		};
/* End PBXVariantGroup section */

/* Begin XCBuildConfiguration section */
		0DC62A031CEEE93200200A67 /* Debug */ = {
			isa = XCBuildConfiguration;
			buildSettings = {
				ALWAYS_SEARCH_USER_PATHS = NO;
				CLANG_ANALYZER_NONNULL = YES;
				CLANG_CXX_LANGUAGE_STANDARD = "gnu++0x";
				CLANG_CXX_LIBRARY = "libc++";
				CLANG_ENABLE_MODULES = YES;
				CLANG_ENABLE_OBJC_ARC = YES;
				CLANG_WARN_BOOL_CONVERSION = YES;
				CLANG_WARN_CONSTANT_CONVERSION = YES;
				CLANG_WARN_DIRECT_OBJC_ISA_USAGE = YES_ERROR;
				CLANG_WARN_EMPTY_BODY = YES;
				CLANG_WARN_ENUM_CONVERSION = YES;
				CLANG_WARN_INT_CONVERSION = YES;
				CLANG_WARN_OBJC_ROOT_CLASS = YES_ERROR;
				CLANG_WARN_UNREACHABLE_CODE = YES;
				CLANG_WARN__DUPLICATE_METHOD_MATCH = YES;
				"CODE_SIGN_IDENTITY[sdk=iphoneos*]" = "iPhone Developer";
				COPY_PHASE_STRIP = NO;
				DEBUG_INFORMATION_FORMAT = dwarf;
				ENABLE_STRICT_OBJC_MSGSEND = YES;
				ENABLE_TESTABILITY = YES;
				GCC_C_LANGUAGE_STANDARD = gnu99;
				GCC_DYNAMIC_NO_PIC = NO;
				GCC_NO_COMMON_BLOCKS = YES;
				GCC_OPTIMIZATION_LEVEL = 0;
				GCC_PREPROCESSOR_DEFINITIONS = (
					"DEBUG=1",
					"$(inherited)",
				);
				GCC_WARN_64_TO_32_BIT_CONVERSION = YES;
				GCC_WARN_ABOUT_RETURN_TYPE = YES_ERROR;
				GCC_WARN_UNDECLARED_SELECTOR = YES;
				GCC_WARN_UNINITIALIZED_AUTOS = YES_AGGRESSIVE;
				GCC_WARN_UNUSED_FUNCTION = YES;
				GCC_WARN_UNUSED_VARIABLE = YES;
				IPHONEOS_DEPLOYMENT_TARGET = 9.3;
				MTL_ENABLE_DEBUG_INFO = YES;
				ONLY_ACTIVE_ARCH = YES;
				SDKROOT = iphoneos;
				SWIFT_OPTIMIZATION_LEVEL = "-Onone";
				TARGETED_DEVICE_FAMILY = "1,2";
			};
			name = Debug;
		};
		0DC62A041CEEE93200200A67 /* Release */ = {
			isa = XCBuildConfiguration;
			buildSettings = {
				ALWAYS_SEARCH_USER_PATHS = NO;
				CLANG_ANALYZER_NONNULL = YES;
				CLANG_CXX_LANGUAGE_STANDARD = "gnu++0x";
				CLANG_CXX_LIBRARY = "libc++";
				CLANG_ENABLE_MODULES = YES;
				CLANG_ENABLE_OBJC_ARC = YES;
				CLANG_WARN_BOOL_CONVERSION = YES;
				CLANG_WARN_CONSTANT_CONVERSION = YES;
				CLANG_WARN_DIRECT_OBJC_ISA_USAGE = YES_ERROR;
				CLANG_WARN_EMPTY_BODY = YES;
				CLANG_WARN_ENUM_CONVERSION = YES;
				CLANG_WARN_INT_CONVERSION = YES;
				CLANG_WARN_OBJC_ROOT_CLASS = YES_ERROR;
				CLANG_WARN_UNREACHABLE_CODE = YES;
				CLANG_WARN__DUPLICATE_METHOD_MATCH = YES;
				"CODE_SIGN_IDENTITY[sdk=iphoneos*]" = "iPhone Developer";
				COPY_PHASE_STRIP = NO;
				DEBUG_INFORMATION_FORMAT = "dwarf-with-dsym";
				ENABLE_NS_ASSERTIONS = NO;
				ENABLE_STRICT_OBJC_MSGSEND = YES;
				GCC_C_LANGUAGE_STANDARD = gnu99;
				GCC_NO_COMMON_BLOCKS = YES;
				GCC_WARN_64_TO_32_BIT_CONVERSION = YES;
				GCC_WARN_ABOUT_RETURN_TYPE = YES_ERROR;
				GCC_WARN_UNDECLARED_SELECTOR = YES;
				GCC_WARN_UNINITIALIZED_AUTOS = YES_AGGRESSIVE;
				GCC_WARN_UNUSED_FUNCTION = YES;
				GCC_WARN_UNUSED_VARIABLE = YES;
				IPHONEOS_DEPLOYMENT_TARGET = 9.3;
				MTL_ENABLE_DEBUG_INFO = NO;
				SDKROOT = iphoneos;
				TARGETED_DEVICE_FAMILY = "1,2";
				VALIDATE_PRODUCT = YES;
			};
			name = Release;
		};
		0DC62A061CEEE93200200A67 /* Debug */ = {
			isa = XCBuildConfiguration;
			buildSettings = {
				ASSETCATALOG_COMPILER_APPICON_NAME = AppIcon;
				INFOPLIST_FILE = "Woke-iOS/Info.plist";
				LD_RUNPATH_SEARCH_PATHS = "$(inherited) @executable_path/Frameworks";
				PRODUCT_BUNDLE_IDENTIFIER = "co.davidgilman.Woke-iOS";
				PRODUCT_NAME = "$(TARGET_NAME)";
			};
			name = Debug;
		};
		0DC62A071CEEE93200200A67 /* Release */ = {
			isa = XCBuildConfiguration;
			buildSettings = {
				ASSETCATALOG_COMPILER_APPICON_NAME = AppIcon;
				INFOPLIST_FILE = "Woke-iOS/Info.plist";
				LD_RUNPATH_SEARCH_PATHS = "$(inherited) @executable_path/Frameworks";
				PRODUCT_BUNDLE_IDENTIFIER = "co.davidgilman.Woke-iOS";
				PRODUCT_NAME = "$(TARGET_NAME)";
			};
			name = Release;
		};
/* End XCBuildConfiguration section */

/* Begin XCConfigurationList section */
		0DC629EE1CEEE93200200A67 /* Build configuration list for PBXProject "Woke-iOS" */ = {
			isa = XCConfigurationList;
			buildConfigurations = (
				0DC62A031CEEE93200200A67 /* Debug */,
				0DC62A041CEEE93200200A67 /* Release */,
			);
			defaultConfigurationIsVisible = 0;
			defaultConfigurationName = Release;
		};
		0DC62A051CEEE93200200A67 /* Build configuration list for PBXNativeTarget "Woke-iOS" */ = {
			isa = XCConfigurationList;
			buildConfigurations = (
				0DC62A061CEEE93200200A67 /* Debug */,
				0DC62A071CEEE93200200A67 /* Release */,
			);
			defaultConfigurationIsVisible = 0;
			defaultConfigurationName = Release;
		};
/* End XCConfigurationList section */
	};
	rootObject = 0DC629EB1CEEE93200200A67 /* Project object */;
}
